
Microsoft Visual Studio Solution File, Format Version 12.00
# Visual Studio Version 16
VisualStudioVersion = 16.0.29411.108
MinimumVisualStudioVersion = 10.0.40219.1
Project("{9A19103F-16F7-4668-BE54-9A1E7A4F7556}") = "TODOListApp", "TODOListApp\TODOListApp.csproj", "{23DA50CC-0FB5-405D-8CFD-DB352FC17CD8}"
EndProject
Project("{9A19103F-16F7-4668-BE54-9A1E7A4F7556}") = "TODOListAppV2", "TODOListAppV2\TODOListAppV2.csproj", "{33D9B40A-E000-4E40-B348-E4E134EC2FF9}"
EndProject
Global
	GlobalSection(SolutionConfigurationPlatforms) = preSolution
		Debug|Any CPU = Debug|Any CPU
		Release|Any CPU = Release|Any CPU
	EndGlobalSection
	GlobalSection(ProjectConfigurationPlatforms) = postSolution
		{23DA50CC-0FB5-405D-8CFD-DB352FC17CD8}.Debug|Any CPU.ActiveCfg = Debug|Any CPU
		{23DA50CC-0FB5-405D-8CFD-DB352FC17CD8}.Debug|Any CPU.Build.0 = Debug|Any CPU
		{23DA50CC-0FB5-405D-8CFD-DB352FC17CD8}.Release|Any CPU.ActiveCfg = Release|Any CPU
		{23DA50CC-0FB5-405D-8CFD-DB352FC17CD8}.Release|Any CPU.Build.0 = Release|Any CPU
		{33D9B40A-E000-4E40-B348-E4E134EC2FF9}.Debug|Any CPU.ActiveCfg = Debug|Any CPU
		{33D9B40A-E000-4E40-B348-E4E134EC2FF9}.Debug|Any CPU.Build.0 = Debug|Any CPU
		{33D9B40A-E000-4E40-B348-E4E134EC2FF9}.Release|Any CPU.ActiveCfg = Release|Any CPU
		{33D9B40A-E000-4E40-B348-E4E134EC2FF9}.Release|Any CPU.Build.0 = Release|Any CPU
	EndGlobalSection
	GlobalSection(SolutionProperties) = preSolution
		HideSolutionNode = FALSE
	EndGlobalSection
	GlobalSection(ExtensibilityGlobals) = postSolution
		SolutionGuid = {D06E6900-BDFA-4125-BDD9-78DE23488663}
	EndGlobalSection
EndGlobal
